{
  "nodes": {
    "data": {
      "inputs": {
        "flake-utils": [
          "flake-utils"
        ],
        "nixpkgs": [
          "nixpkgs"
        ]
      },
      "locked": {
        "lastModified": 1678787929,
        "narHash": "sha256-ShoS2Y2z+1i35DpB78ALl5jQR0nmEsCI1iDgCgOC/1M=",
        "owner": "qaristote",
        "repo": "info",
        "rev": "5750265a8616d02049a02e492804a995ab2baa25",
        "type": "github"
      },
      "original": {
        "owner": "qaristote",
        "repo": "info",
        "type": "github"
      }
    },
    "flake-utils": {
      "locked": {
        "lastModified": 1678901627,
        "narHash": "sha256-U02riOqrKKzwjsxc/400XnElV+UtPUQWpANPlyazjH0=",
        "owner": "numtide",
        "repo": "flake-utils",
        "rev": "93a2b84fc4b70d9e089d029deacc3583435c2ed6",
        "type": "github"
      },
      "original": {
        "id": "flake-utils",
        "type": "indirect"
      }
    },
    "nixpkgs": {
      "locked": {
        "lastModified": 1680273054,
        "narHash": "sha256-Bs6/5LpvYp379qVqGt9mXxxx9GSE789k3oFc+OAL07M=",
        "owner": "NixOS",
        "repo": "nixpkgs",
        "rev": "3364b5b117f65fe1ce65a3cdd5612a078a3b31e3",
        "type": "github"
      },
      "original": {
        "id": "nixpkgs",
        "type": "indirect"
      }
    },
    "root": {
      "inputs": {
        "data": "data",
        "flake-utils": "flake-utils",
        "nixpkgs": "nixpkgs",
        "uncss": "uncss"
      }
    },
    "uncss": {
      "inputs": {
        "flake-utils": [
          "flake-utils"
        ],
        "nixpkgs": [
          "nixpkgs"
        ]
      },
      "locked": {
        "lastModified": 1668549614,
        "narHash": "sha256-1C2qBUB5Wz7DPPYR4DQi8hh2xoFA89WgEfdI2bsv4pI=",
        "owner": "qaristote",
        "repo": "uncss",
        "rev": "0e5a335e85ec85ff6f764ea87adb5c7da83b0924",
        "type": "github"
      },
      "original": {
        "owner": "qaristote",
        "repo": "uncss",
        "type": "github"
      }
    }
  },
  "root": "root",
  "version": 7
}
