{
  "nodes": {
    "data": {
      "inputs": {
        "flake-utils": [
          "flake-utils"
        ],
        "nixpkgs": [
          "nixpkgs"
        ]
      },
      "locked": {
        "lastModified": 1676498599,
        "narHash": "sha256-eLqhEoQZhCcpQvBE2TZe0VVyfV+DnWJKUDoZEMTHN4g=",
        "owner": "qaristote",
        "repo": "info",
        "rev": "4f91bd86bbe9bc3e7fdc04916f244ace13a92a15",
        "type": "github"
      },
      "original": {
        "owner": "qaristote",
        "repo": "info",
        "type": "github"
      }
    },
    "flake-utils": {
      "locked": {
        "lastModified": 1676283394,
        "narHash": "sha256-XX2f9c3iySLCw54rJ/CZs+ZK6IQy7GXNY4nSOyu2QG4=",
        "owner": "numtide",
        "repo": "flake-utils",
        "rev": "3db36a8b464d0c4532ba1c7dda728f4576d6d073",
        "type": "github"
      },
      "original": {
        "id": "flake-utils",
        "type": "indirect"
      }
    },
    "nixpkgs": {
      "locked": {
        "lastModified": 1676549890,
        "narHash": "sha256-sq/WcOEAl7gWrrfGkWdnyYazRyTf+enEim/o6LOQzI8=",
        "owner": "NixOS",
        "repo": "nixpkgs",
        "rev": "8c66bd1b68f4708c90dcc97c6f7052a5a7b33257",
        "type": "github"
      },
      "original": {
        "id": "nixpkgs",
        "type": "indirect"
      }
    },
    "root": {
      "inputs": {
        "data": "data",
        "flake-utils": "flake-utils",
        "nixpkgs": "nixpkgs",
        "uncss": "uncss"
      }
    },
    "uncss": {
      "inputs": {
        "flake-utils": [
          "flake-utils"
        ],
        "nixpkgs": [
          "nixpkgs"
        ]
      },
      "locked": {
        "lastModified": 1668549614,
        "narHash": "sha256-1C2qBUB5Wz7DPPYR4DQi8hh2xoFA89WgEfdI2bsv4pI=",
        "owner": "qaristote",
        "repo": "uncss",
        "rev": "0e5a335e85ec85ff6f764ea87adb5c7da83b0924",
        "type": "github"
      },
      "original": {
        "owner": "qaristote",
        "repo": "uncss",
        "type": "github"
      }
    }
  },
  "root": "root",
  "version": 7
}
